
Microsoft Visual Studio Solution File, Format Version 12.00
# Visual Studio Version 17
VisualStudioVersion = 17.8.34309.116
MinimumVisualStudioVersion = 10.0.40219.1
Project("{8BC9CEB8-8B4A-11D0-8D11-00A0C91BC942}") = "Program", "Program.vcxproj", "{DCE313E6-357C-4596-B060-1754A9DF194B}"
EndProject
Project("{8BC9CEB8-8B4A-11D0-8D11-00A0C91BC942}") = "Class1th", "..\Class1th\Class1th.vcxproj", "{6D1BDB7F-05C5-4847-B390-952CA38CFF64}"
EndProject
Project("{8BC9CEB8-8B4A-11D0-8D11-00A0C91BC942}") = "Class2th", "..\Class2th\Class2th.vcxproj", "{2593DD6A-2E10-4C8D-841E-A7BE5D244A2D}"
EndProject
Project("{8BC9CEB8-8B4A-11D0-8D11-00A0C91BC942}") = "Class3th", "..\Class3th\Class3th.vcxproj", "{527F77C8-E93C-41C9-8263-8C82AA7544B2}"
EndProject
Project("{8BC9CEB8-8B4A-11D0-8D11-00A0C91BC942}") = "Class4th", "..\Class4th\Class4th.vcxproj", "{2AAAF263-BF37-41C9-BA90-B109A0ECB8AD}"
EndProject
Project("{8BC9CEB8-8B4A-11D0-8D11-00A0C91BC942}") = "Class5th", "..\Class5th\Class5th.vcxproj", "{7683DF52-2EAB-4555-82AA-A84269CEA23F}"
EndProject
Global
	GlobalSection(SolutionConfigurationPlatforms) = preSolution
		Debug|x64 = Debug|x64
		Debug|x86 = Debug|x86
		Release|x64 = Release|x64
		Release|x86 = Release|x86
	EndGlobalSection
	GlobalSection(ProjectConfigurationPlatforms) = postSolution
		{DCE313E6-357C-4596-B060-1754A9DF194B}.Debug|x64.ActiveCfg = Debug|x64
		{DCE313E6-357C-4596-B060-1754A9DF194B}.Debug|x64.Build.0 = Debug|x64
		{DCE313E6-357C-4596-B060-1754A9DF194B}.Debug|x86.ActiveCfg = Debug|Win32
		{DCE313E6-357C-4596-B060-1754A9DF194B}.Debug|x86.Build.0 = Debug|Win32
		{DCE313E6-357C-4596-B060-1754A9DF194B}.Release|x64.ActiveCfg = Release|x64
		{DCE313E6-357C-4596-B060-1754A9DF194B}.Release|x64.Build.0 = Release|x64
		{DCE313E6-357C-4596-B060-1754A9DF194B}.Release|x86.ActiveCfg = Release|Win32
		{DCE313E6-357C-4596-B060-1754A9DF194B}.Release|x86.Build.0 = Release|Win32
		{6D1BDB7F-05C5-4847-B390-952CA38CFF64}.Debug|x64.ActiveCfg = Debug|x64
		{6D1BDB7F-05C5-4847-B390-952CA38CFF64}.Debug|x64.Build.0 = Debug|x64
		{6D1BDB7F-05C5-4847-B390-952CA38CFF64}.Debug|x86.ActiveCfg = Debug|Win32
		{6D1BDB7F-05C5-4847-B390-952CA38CFF64}.Debug|x86.Build.0 = Debug|Win32
		{6D1BDB7F-05C5-4847-B390-952CA38CFF64}.Release|x64.ActiveCfg = Release|x64
		{6D1BDB7F-05C5-4847-B390-952CA38CFF64}.Release|x64.Build.0 = Release|x64
		{6D1BDB7F-05C5-4847-B390-952CA38CFF64}.Release|x86.ActiveCfg = Release|Win32
		{6D1BDB7F-05C5-4847-B390-952CA38CFF64}.Release|x86.Build.0 = Release|Win32
		{2593DD6A-2E10-4C8D-841E-A7BE5D244A2D}.Debug|x64.ActiveCfg = Debug|x64
		{2593DD6A-2E10-4C8D-841E-A7BE5D244A2D}.Debug|x64.Build.0 = Debug|x64
		{2593DD6A-2E10-4C8D-841E-A7BE5D244A2D}.Debug|x86.ActiveCfg = Debug|Win32
		{2593DD6A-2E10-4C8D-841E-A7BE5D244A2D}.Debug|x86.Build.0 = Debug|Win32
		{2593DD6A-2E10-4C8D-841E-A7BE5D244A2D}.Release|x64.ActiveCfg = Release|x64
		{2593DD6A-2E10-4C8D-841E-A7BE5D244A2D}.Release|x64.Build.0 = Release|x64
		{2593DD6A-2E10-4C8D-841E-A7BE5D244A2D}.Release|x86.ActiveCfg = Release|Win32
		{2593DD6A-2E10-4C8D-841E-A7BE5D244A2D}.Release|x86.Build.0 = Release|Win32
		{527F77C8-E93C-41C9-8263-8C82AA7544B2}.Debug|x64.ActiveCfg = Debug|x64
		{527F77C8-E93C-41C9-8263-8C82AA7544B2}.Debug|x64.Build.0 = Debug|x64
		{527F77C8-E93C-41C9-8263-8C82AA7544B2}.Debug|x86.ActiveCfg = Debug|Win32
		{527F77C8-E93C-41C9-8263-8C82AA7544B2}.Debug|x86.Build.0 = Debug|Win32
		{527F77C8-E93C-41C9-8263-8C82AA7544B2}.Release|x64.ActiveCfg = Release|x64
		{527F77C8-E93C-41C9-8263-8C82AA7544B2}.Release|x64.Build.0 = Release|x64
		{527F77C8-E93C-41C9-8263-8C82AA7544B2}.Release|x86.ActiveCfg = Release|Win32
		{527F77C8-E93C-41C9-8263-8C82AA7544B2}.Release|x86.Build.0 = Release|Win32
		{2AAAF263-BF37-41C9-BA90-B109A0ECB8AD}.Debug|x64.ActiveCfg = Debug|x64
		{2AAAF263-BF37-41C9-BA90-B109A0ECB8AD}.Debug|x64.Build.0 = Debug|x64
		{2AAAF263-BF37-41C9-BA90-B109A0ECB8AD}.Debug|x86.ActiveCfg = Debug|Win32
		{2AAAF263-BF37-41C9-BA90-B109A0ECB8AD}.Debug|x86.Build.0 = Debug|Win32
		{2AAAF263-BF37-41C9-BA90-B109A0ECB8AD}.Release|x64.ActiveCfg = Release|x64
		{2AAAF263-BF37-41C9-BA90-B109A0ECB8AD}.Release|x64.Build.0 = Release|x64
		{2AAAF263-BF37-41C9-BA90-B109A0ECB8AD}.Release|x86.ActiveCfg = Release|Win32
		{2AAAF263-BF37-41C9-BA90-B109A0ECB8AD}.Release|x86.Build.0 = Release|Win32
		{7683DF52-2EAB-4555-82AA-A84269CEA23F}.Debug|x64.ActiveCfg = Debug|x64
		{7683DF52-2EAB-4555-82AA-A84269CEA23F}.Debug|x64.Build.0 = Debug|x64
		{7683DF52-2EAB-4555-82AA-A84269CEA23F}.Debug|x86.ActiveCfg = Debug|Win32
		{7683DF52-2EAB-4555-82AA-A84269CEA23F}.Debug|x86.Build.0 = Debug|Win32
		{7683DF52-2EAB-4555-82AA-A84269CEA23F}.Release|x64.ActiveCfg = Release|x64
		{7683DF52-2EAB-4555-82AA-A84269CEA23F}.Release|x64.Build.0 = Release|x64
		{7683DF52-2EAB-4555-82AA-A84269CEA23F}.Release|x86.ActiveCfg = Release|Win32
		{7683DF52-2EAB-4555-82AA-A84269CEA23F}.Release|x86.Build.0 = Release|Win32
	EndGlobalSection
	GlobalSection(SolutionProperties) = preSolution
		HideSolutionNode = FALSE
	EndGlobalSection
	GlobalSection(ExtensibilityGlobals) = postSolution
		SolutionGuid = {5B1168BD-5DCA-467F-9B8B-1200F15A9996}
	EndGlobalSection
EndGlobal
