
Microsoft Visual Studio Solution File, Format Version 12.00
# Visual Studio Version 17
VisualStudioVersion = 17.8.34309.116
MinimumVisualStudioVersion = 10.0.40219.1
Project("{8BC9CEB8-8B4A-11D0-8D11-00A0C91BC942}") = "Program", "Program.vcxproj", "{DCE313E6-357C-4596-B060-1754A9DF194B}"
EndProject
Project("{8BC9CEB8-8B4A-11D0-8D11-00A0C91BC942}") = "Class1th", "..\Class1th\Class1th.vcxproj", "{6D1BDB7F-05C5-4847-B390-952CA38CFF64}"
EndProject
Project("{8BC9CEB8-8B4A-11D0-8D11-00A0C91BC942}") = "Class2th", "..\Class2th\Class2th.vcxproj", "{2593DD6A-2E10-4C8D-841E-A7BE5D244A2D}"
EndProject
Project("{8BC9CEB8-8B4A-11D0-8D11-00A0C91BC942}") = "Class3th", "..\Class3th\Class3th.vcxproj", "{527F77C8-E93C-41C9-8263-8C82AA7544B2}"
EndProject
Project("{8BC9CEB8-8B4A-11D0-8D11-00A0C91BC942}") = "Class4th", "..\Class4th\Class4th.vcxproj", "{2AAAF263-BF37-41C9-BA90-B109A0ECB8AD}"
EndProject
Project("{8BC9CEB8-8B4A-11D0-8D11-00A0C91BC942}") = "Class5th", "..\Class5th\Class5th.vcxproj", "{7683DF52-2EAB-4555-82AA-A84269CEA23F}"
EndProject
Project("{8BC9CEB8-8B4A-11D0-8D11-00A0C91BC942}") = "Class6th", "..\Class6th\Class6th.vcxproj", "{B3E664F8-E23C-4403-AC97-742C6ACEA4C1}"
EndProject
Project("{8BC9CEB8-8B4A-11D0-8D11-00A0C91BC942}") = "Class7th", "..\Class7th\Class7th.vcxproj", "{E34FD5A4-62F7-48AB-8AA8-57CAB6B6CFC9}"
EndProject
Project("{8BC9CEB8-8B4A-11D0-8D11-00A0C91BC942}") = "Class8th", "..\Class8th\Class8th.vcxproj", "{B59804BD-4C88-449A-BB12-9E1C72160B89}"
EndProject
Project("{8BC9CEB8-8B4A-11D0-8D11-00A0C91BC942}") = "Class9th", "..\Class9th\Class9th.vcxproj", "{BCEF2E36-B287-4D7F-824C-7B4DF1953EFA}"
EndProject
Project("{8BC9CEB8-8B4A-11D0-8D11-00A0C91BC942}") = "Class10th", "..\Class10th\Class10th.vcxproj", "{A3B2BB80-F818-4F3D-BDF6-69486BB081E7}"
EndProject
Project("{8BC9CEB8-8B4A-11D0-8D11-00A0C91BC942}") = "Class11th", "..\Class11th\Class11th.vcxproj", "{CCF6C6A0-D098-426C-A830-709647F2963D}"
EndProject
Project("{8BC9CEB8-8B4A-11D0-8D11-00A0C91BC942}") = "Class12th", "..\Class12th\Class12th.vcxproj", "{6F0CE3BA-D981-4C33-89C9-03CBBAC06847}"
EndProject
Project("{8BC9CEB8-8B4A-11D0-8D11-00A0C91BC942}") = "Class13th", "..\Class13th\Class13th.vcxproj", "{A9A9E00A-722B-4656-9CFE-2557055C2F05}"
EndProject
Project("{8BC9CEB8-8B4A-11D0-8D11-00A0C91BC942}") = "Class14th", "..\Class14th\Class14th.vcxproj", "{883FE9BB-A68D-4CF6-A612-C1182066B0CB}"
EndProject
Project("{8BC9CEB8-8B4A-11D0-8D11-00A0C91BC942}") = "Class15th", "..\Class15th\Class15th.vcxproj", "{EA1B3D99-E51C-44C4-8896-ACEEA9A6333E}"
EndProject
Project("{8BC9CEB8-8B4A-11D0-8D11-00A0C91BC942}") = "Class16th", "..\Class16th\Class16th.vcxproj", "{554CE7B9-1452-47DA-94F9-771699121E57}"
EndProject
Project("{8BC9CEB8-8B4A-11D0-8D11-00A0C91BC942}") = "Class17th", "..\Class17th\Class17th.vcxproj", "{EC74AECE-B526-4A93-9442-34471EF06834}"
EndProject
Project("{8BC9CEB8-8B4A-11D0-8D11-00A0C91BC942}") = "Class18th", "..\Class18th\Class18th.vcxproj", "{8F6967B9-0573-4164-93D0-9C4A26217A2E}"
EndProject
Project("{8BC9CEB8-8B4A-11D0-8D11-00A0C91BC942}") = "Class19th", "..\Class19th\Class19th.vcxproj", "{3C6410A0-DEA2-4C61-8F1C-7D4A2152A727}"
EndProject
Project("{8BC9CEB8-8B4A-11D0-8D11-00A0C91BC942}") = "Class20th", "..\Class20th\Class20th.vcxproj", "{72A5FCE8-4AC1-44F4-8B66-816DC3940FE6}"
EndProject
Global
	GlobalSection(SolutionConfigurationPlatforms) = preSolution
		Debug|x64 = Debug|x64
		Debug|x86 = Debug|x86
		Release|x64 = Release|x64
		Release|x86 = Release|x86
	EndGlobalSection
	GlobalSection(ProjectConfigurationPlatforms) = postSolution
		{DCE313E6-357C-4596-B060-1754A9DF194B}.Debug|x64.ActiveCfg = Debug|x64
		{DCE313E6-357C-4596-B060-1754A9DF194B}.Debug|x64.Build.0 = Debug|x64
		{DCE313E6-357C-4596-B060-1754A9DF194B}.Debug|x86.ActiveCfg = Debug|Win32
		{DCE313E6-357C-4596-B060-1754A9DF194B}.Debug|x86.Build.0 = Debug|Win32
		{DCE313E6-357C-4596-B060-1754A9DF194B}.Release|x64.ActiveCfg = Release|x64
		{DCE313E6-357C-4596-B060-1754A9DF194B}.Release|x64.Build.0 = Release|x64
		{DCE313E6-357C-4596-B060-1754A9DF194B}.Release|x86.ActiveCfg = Release|Win32
		{DCE313E6-357C-4596-B060-1754A9DF194B}.Release|x86.Build.0 = Release|Win32
		{6D1BDB7F-05C5-4847-B390-952CA38CFF64}.Debug|x64.ActiveCfg = Debug|x64
		{6D1BDB7F-05C5-4847-B390-952CA38CFF64}.Debug|x64.Build.0 = Debug|x64
		{6D1BDB7F-05C5-4847-B390-952CA38CFF64}.Debug|x86.ActiveCfg = Debug|Win32
		{6D1BDB7F-05C5-4847-B390-952CA38CFF64}.Debug|x86.Build.0 = Debug|Win32
		{6D1BDB7F-05C5-4847-B390-952CA38CFF64}.Release|x64.ActiveCfg = Release|x64
		{6D1BDB7F-05C5-4847-B390-952CA38CFF64}.Release|x64.Build.0 = Release|x64
		{6D1BDB7F-05C5-4847-B390-952CA38CFF64}.Release|x86.ActiveCfg = Release|Win32
		{6D1BDB7F-05C5-4847-B390-952CA38CFF64}.Release|x86.Build.0 = Release|Win32
		{2593DD6A-2E10-4C8D-841E-A7BE5D244A2D}.Debug|x64.ActiveCfg = Debug|x64
		{2593DD6A-2E10-4C8D-841E-A7BE5D244A2D}.Debug|x64.Build.0 = Debug|x64
		{2593DD6A-2E10-4C8D-841E-A7BE5D244A2D}.Debug|x86.ActiveCfg = Debug|Win32
		{2593DD6A-2E10-4C8D-841E-A7BE5D244A2D}.Debug|x86.Build.0 = Debug|Win32
		{2593DD6A-2E10-4C8D-841E-A7BE5D244A2D}.Release|x64.ActiveCfg = Release|x64
		{2593DD6A-2E10-4C8D-841E-A7BE5D244A2D}.Release|x64.Build.0 = Release|x64
		{2593DD6A-2E10-4C8D-841E-A7BE5D244A2D}.Release|x86.ActiveCfg = Release|Win32
		{2593DD6A-2E10-4C8D-841E-A7BE5D244A2D}.Release|x86.Build.0 = Release|Win32
		{527F77C8-E93C-41C9-8263-8C82AA7544B2}.Debug|x64.ActiveCfg = Debug|x64
		{527F77C8-E93C-41C9-8263-8C82AA7544B2}.Debug|x64.Build.0 = Debug|x64
		{527F77C8-E93C-41C9-8263-8C82AA7544B2}.Debug|x86.ActiveCfg = Debug|Win32
		{527F77C8-E93C-41C9-8263-8C82AA7544B2}.Debug|x86.Build.0 = Debug|Win32
		{527F77C8-E93C-41C9-8263-8C82AA7544B2}.Release|x64.ActiveCfg = Release|x64
		{527F77C8-E93C-41C9-8263-8C82AA7544B2}.Release|x64.Build.0 = Release|x64
		{527F77C8-E93C-41C9-8263-8C82AA7544B2}.Release|x86.ActiveCfg = Release|Win32
		{527F77C8-E93C-41C9-8263-8C82AA7544B2}.Release|x86.Build.0 = Release|Win32
		{2AAAF263-BF37-41C9-BA90-B109A0ECB8AD}.Debug|x64.ActiveCfg = Debug|x64
		{2AAAF263-BF37-41C9-BA90-B109A0ECB8AD}.Debug|x64.Build.0 = Debug|x64
		{2AAAF263-BF37-41C9-BA90-B109A0ECB8AD}.Debug|x86.ActiveCfg = Debug|Win32
		{2AAAF263-BF37-41C9-BA90-B109A0ECB8AD}.Debug|x86.Build.0 = Debug|Win32
		{2AAAF263-BF37-41C9-BA90-B109A0ECB8AD}.Release|x64.ActiveCfg = Release|x64
		{2AAAF263-BF37-41C9-BA90-B109A0ECB8AD}.Release|x64.Build.0 = Release|x64
		{2AAAF263-BF37-41C9-BA90-B109A0ECB8AD}.Release|x86.ActiveCfg = Release|Win32
		{2AAAF263-BF37-41C9-BA90-B109A0ECB8AD}.Release|x86.Build.0 = Release|Win32
		{7683DF52-2EAB-4555-82AA-A84269CEA23F}.Debug|x64.ActiveCfg = Debug|x64
		{7683DF52-2EAB-4555-82AA-A84269CEA23F}.Debug|x64.Build.0 = Debug|x64
		{7683DF52-2EAB-4555-82AA-A84269CEA23F}.Debug|x86.ActiveCfg = Debug|Win32
		{7683DF52-2EAB-4555-82AA-A84269CEA23F}.Debug|x86.Build.0 = Debug|Win32
		{7683DF52-2EAB-4555-82AA-A84269CEA23F}.Release|x64.ActiveCfg = Release|x64
		{7683DF52-2EAB-4555-82AA-A84269CEA23F}.Release|x64.Build.0 = Release|x64
		{7683DF52-2EAB-4555-82AA-A84269CEA23F}.Release|x86.ActiveCfg = Release|Win32
		{7683DF52-2EAB-4555-82AA-A84269CEA23F}.Release|x86.Build.0 = Release|Win32
		{B3E664F8-E23C-4403-AC97-742C6ACEA4C1}.Debug|x64.ActiveCfg = Debug|x64
		{B3E664F8-E23C-4403-AC97-742C6ACEA4C1}.Debug|x64.Build.0 = Debug|x64
		{B3E664F8-E23C-4403-AC97-742C6ACEA4C1}.Debug|x86.ActiveCfg = Debug|Win32
		{B3E664F8-E23C-4403-AC97-742C6ACEA4C1}.Debug|x86.Build.0 = Debug|Win32
		{B3E664F8-E23C-4403-AC97-742C6ACEA4C1}.Release|x64.ActiveCfg = Release|x64
		{B3E664F8-E23C-4403-AC97-742C6ACEA4C1}.Release|x64.Build.0 = Release|x64
		{B3E664F8-E23C-4403-AC97-742C6ACEA4C1}.Release|x86.ActiveCfg = Release|Win32
		{B3E664F8-E23C-4403-AC97-742C6ACEA4C1}.Release|x86.Build.0 = Release|Win32
		{E34FD5A4-62F7-48AB-8AA8-57CAB6B6CFC9}.Debug|x64.ActiveCfg = Debug|x64
		{E34FD5A4-62F7-48AB-8AA8-57CAB6B6CFC9}.Debug|x64.Build.0 = Debug|x64
		{E34FD5A4-62F7-48AB-8AA8-57CAB6B6CFC9}.Debug|x86.ActiveCfg = Debug|Win32
		{E34FD5A4-62F7-48AB-8AA8-57CAB6B6CFC9}.Debug|x86.Build.0 = Debug|Win32
		{E34FD5A4-62F7-48AB-8AA8-57CAB6B6CFC9}.Release|x64.ActiveCfg = Release|x64
		{E34FD5A4-62F7-48AB-8AA8-57CAB6B6CFC9}.Release|x64.Build.0 = Release|x64
		{E34FD5A4-62F7-48AB-8AA8-57CAB6B6CFC9}.Release|x86.ActiveCfg = Release|Win32
		{E34FD5A4-62F7-48AB-8AA8-57CAB6B6CFC9}.Release|x86.Build.0 = Release|Win32
		{B59804BD-4C88-449A-BB12-9E1C72160B89}.Debug|x64.ActiveCfg = Debug|x64
		{B59804BD-4C88-449A-BB12-9E1C72160B89}.Debug|x64.Build.0 = Debug|x64
		{B59804BD-4C88-449A-BB12-9E1C72160B89}.Debug|x86.ActiveCfg = Debug|Win32
		{B59804BD-4C88-449A-BB12-9E1C72160B89}.Debug|x86.Build.0 = Debug|Win32
		{B59804BD-4C88-449A-BB12-9E1C72160B89}.Release|x64.ActiveCfg = Release|x64
		{B59804BD-4C88-449A-BB12-9E1C72160B89}.Release|x64.Build.0 = Release|x64
		{B59804BD-4C88-449A-BB12-9E1C72160B89}.Release|x86.ActiveCfg = Release|Win32
		{B59804BD-4C88-449A-BB12-9E1C72160B89}.Release|x86.Build.0 = Release|Win32
		{BCEF2E36-B287-4D7F-824C-7B4DF1953EFA}.Debug|x64.ActiveCfg = Debug|x64
		{BCEF2E36-B287-4D7F-824C-7B4DF1953EFA}.Debug|x64.Build.0 = Debug|x64
		{BCEF2E36-B287-4D7F-824C-7B4DF1953EFA}.Debug|x86.ActiveCfg = Debug|Win32
		{BCEF2E36-B287-4D7F-824C-7B4DF1953EFA}.Debug|x86.Build.0 = Debug|Win32
		{BCEF2E36-B287-4D7F-824C-7B4DF1953EFA}.Release|x64.ActiveCfg = Release|x64
		{BCEF2E36-B287-4D7F-824C-7B4DF1953EFA}.Release|x64.Build.0 = Release|x64
		{BCEF2E36-B287-4D7F-824C-7B4DF1953EFA}.Release|x86.ActiveCfg = Release|Win32
		{BCEF2E36-B287-4D7F-824C-7B4DF1953EFA}.Release|x86.Build.0 = Release|Win32
		{A3B2BB80-F818-4F3D-BDF6-69486BB081E7}.Debug|x64.ActiveCfg = Debug|x64
		{A3B2BB80-F818-4F3D-BDF6-69486BB081E7}.Debug|x64.Build.0 = Debug|x64
		{A3B2BB80-F818-4F3D-BDF6-69486BB081E7}.Debug|x86.ActiveCfg = Debug|Win32
		{A3B2BB80-F818-4F3D-BDF6-69486BB081E7}.Debug|x86.Build.0 = Debug|Win32
		{A3B2BB80-F818-4F3D-BDF6-69486BB081E7}.Release|x64.ActiveCfg = Release|x64
		{A3B2BB80-F818-4F3D-BDF6-69486BB081E7}.Release|x64.Build.0 = Release|x64
		{A3B2BB80-F818-4F3D-BDF6-69486BB081E7}.Release|x86.ActiveCfg = Release|Win32
		{A3B2BB80-F818-4F3D-BDF6-69486BB081E7}.Release|x86.Build.0 = Release|Win32
		{CCF6C6A0-D098-426C-A830-709647F2963D}.Debug|x64.ActiveCfg = Debug|x64
		{CCF6C6A0-D098-426C-A830-709647F2963D}.Debug|x64.Build.0 = Debug|x64
		{CCF6C6A0-D098-426C-A830-709647F2963D}.Debug|x86.ActiveCfg = Debug|Win32
		{CCF6C6A0-D098-426C-A830-709647F2963D}.Debug|x86.Build.0 = Debug|Win32
		{CCF6C6A0-D098-426C-A830-709647F2963D}.Release|x64.ActiveCfg = Release|x64
		{CCF6C6A0-D098-426C-A830-709647F2963D}.Release|x64.Build.0 = Release|x64
		{CCF6C6A0-D098-426C-A830-709647F2963D}.Release|x86.ActiveCfg = Release|Win32
		{CCF6C6A0-D098-426C-A830-709647F2963D}.Release|x86.Build.0 = Release|Win32
		{6F0CE3BA-D981-4C33-89C9-03CBBAC06847}.Debug|x64.ActiveCfg = Debug|x64
		{6F0CE3BA-D981-4C33-89C9-03CBBAC06847}.Debug|x64.Build.0 = Debug|x64
		{6F0CE3BA-D981-4C33-89C9-03CBBAC06847}.Debug|x86.ActiveCfg = Debug|Win32
		{6F0CE3BA-D981-4C33-89C9-03CBBAC06847}.Debug|x86.Build.0 = Debug|Win32
		{6F0CE3BA-D981-4C33-89C9-03CBBAC06847}.Release|x64.ActiveCfg = Release|x64
		{6F0CE3BA-D981-4C33-89C9-03CBBAC06847}.Release|x64.Build.0 = Release|x64
		{6F0CE3BA-D981-4C33-89C9-03CBBAC06847}.Release|x86.ActiveCfg = Release|Win32
		{6F0CE3BA-D981-4C33-89C9-03CBBAC06847}.Release|x86.Build.0 = Release|Win32
		{A9A9E00A-722B-4656-9CFE-2557055C2F05}.Debug|x64.ActiveCfg = Debug|x64
		{A9A9E00A-722B-4656-9CFE-2557055C2F05}.Debug|x64.Build.0 = Debug|x64
		{A9A9E00A-722B-4656-9CFE-2557055C2F05}.Debug|x86.ActiveCfg = Debug|Win32
		{A9A9E00A-722B-4656-9CFE-2557055C2F05}.Debug|x86.Build.0 = Debug|Win32
		{A9A9E00A-722B-4656-9CFE-2557055C2F05}.Release|x64.ActiveCfg = Release|x64
		{A9A9E00A-722B-4656-9CFE-2557055C2F05}.Release|x64.Build.0 = Release|x64
		{A9A9E00A-722B-4656-9CFE-2557055C2F05}.Release|x86.ActiveCfg = Release|Win32
		{A9A9E00A-722B-4656-9CFE-2557055C2F05}.Release|x86.Build.0 = Release|Win32
		{883FE9BB-A68D-4CF6-A612-C1182066B0CB}.Debug|x64.ActiveCfg = Debug|x64
		{883FE9BB-A68D-4CF6-A612-C1182066B0CB}.Debug|x64.Build.0 = Debug|x64
		{883FE9BB-A68D-4CF6-A612-C1182066B0CB}.Debug|x86.ActiveCfg = Debug|Win32
		{883FE9BB-A68D-4CF6-A612-C1182066B0CB}.Debug|x86.Build.0 = Debug|Win32
		{883FE9BB-A68D-4CF6-A612-C1182066B0CB}.Release|x64.ActiveCfg = Release|x64
		{883FE9BB-A68D-4CF6-A612-C1182066B0CB}.Release|x64.Build.0 = Release|x64
		{883FE9BB-A68D-4CF6-A612-C1182066B0CB}.Release|x86.ActiveCfg = Release|Win32
		{883FE9BB-A68D-4CF6-A612-C1182066B0CB}.Release|x86.Build.0 = Release|Win32
		{EA1B3D99-E51C-44C4-8896-ACEEA9A6333E}.Debug|x64.ActiveCfg = Debug|x64
		{EA1B3D99-E51C-44C4-8896-ACEEA9A6333E}.Debug|x64.Build.0 = Debug|x64
		{EA1B3D99-E51C-44C4-8896-ACEEA9A6333E}.Debug|x86.ActiveCfg = Debug|Win32
		{EA1B3D99-E51C-44C4-8896-ACEEA9A6333E}.Debug|x86.Build.0 = Debug|Win32
		{EA1B3D99-E51C-44C4-8896-ACEEA9A6333E}.Release|x64.ActiveCfg = Release|x64
		{EA1B3D99-E51C-44C4-8896-ACEEA9A6333E}.Release|x64.Build.0 = Release|x64
		{EA1B3D99-E51C-44C4-8896-ACEEA9A6333E}.Release|x86.ActiveCfg = Release|Win32
		{EA1B3D99-E51C-44C4-8896-ACEEA9A6333E}.Release|x86.Build.0 = Release|Win32
		{554CE7B9-1452-47DA-94F9-771699121E57}.Debug|x64.ActiveCfg = Debug|x64
		{554CE7B9-1452-47DA-94F9-771699121E57}.Debug|x64.Build.0 = Debug|x64
		{554CE7B9-1452-47DA-94F9-771699121E57}.Debug|x86.ActiveCfg = Debug|Win32
		{554CE7B9-1452-47DA-94F9-771699121E57}.Debug|x86.Build.0 = Debug|Win32
		{554CE7B9-1452-47DA-94F9-771699121E57}.Release|x64.ActiveCfg = Release|x64
		{554CE7B9-1452-47DA-94F9-771699121E57}.Release|x64.Build.0 = Release|x64
		{554CE7B9-1452-47DA-94F9-771699121E57}.Release|x86.ActiveCfg = Release|Win32
		{554CE7B9-1452-47DA-94F9-771699121E57}.Release|x86.Build.0 = Release|Win32
		{EC74AECE-B526-4A93-9442-34471EF06834}.Debug|x64.ActiveCfg = Debug|x64
		{EC74AECE-B526-4A93-9442-34471EF06834}.Debug|x64.Build.0 = Debug|x64
		{EC74AECE-B526-4A93-9442-34471EF06834}.Debug|x86.ActiveCfg = Debug|Win32
		{EC74AECE-B526-4A93-9442-34471EF06834}.Debug|x86.Build.0 = Debug|Win32
		{EC74AECE-B526-4A93-9442-34471EF06834}.Release|x64.ActiveCfg = Release|x64
		{EC74AECE-B526-4A93-9442-34471EF06834}.Release|x64.Build.0 = Release|x64
		{EC74AECE-B526-4A93-9442-34471EF06834}.Release|x86.ActiveCfg = Release|Win32
		{EC74AECE-B526-4A93-9442-34471EF06834}.Release|x86.Build.0 = Release|Win32
		{8F6967B9-0573-4164-93D0-9C4A26217A2E}.Debug|x64.ActiveCfg = Debug|x64
		{8F6967B9-0573-4164-93D0-9C4A26217A2E}.Debug|x64.Build.0 = Debug|x64
		{8F6967B9-0573-4164-93D0-9C4A26217A2E}.Debug|x86.ActiveCfg = Debug|Win32
		{8F6967B9-0573-4164-93D0-9C4A26217A2E}.Debug|x86.Build.0 = Debug|Win32
		{8F6967B9-0573-4164-93D0-9C4A26217A2E}.Release|x64.ActiveCfg = Release|x64
		{8F6967B9-0573-4164-93D0-9C4A26217A2E}.Release|x64.Build.0 = Release|x64
		{8F6967B9-0573-4164-93D0-9C4A26217A2E}.Release|x86.ActiveCfg = Release|Win32
		{8F6967B9-0573-4164-93D0-9C4A26217A2E}.Release|x86.Build.0 = Release|Win32
		{3C6410A0-DEA2-4C61-8F1C-7D4A2152A727}.Debug|x64.ActiveCfg = Debug|x64
		{3C6410A0-DEA2-4C61-8F1C-7D4A2152A727}.Debug|x64.Build.0 = Debug|x64
		{3C6410A0-DEA2-4C61-8F1C-7D4A2152A727}.Debug|x86.ActiveCfg = Debug|Win32
		{3C6410A0-DEA2-4C61-8F1C-7D4A2152A727}.Debug|x86.Build.0 = Debug|Win32
		{3C6410A0-DEA2-4C61-8F1C-7D4A2152A727}.Release|x64.ActiveCfg = Release|x64
		{3C6410A0-DEA2-4C61-8F1C-7D4A2152A727}.Release|x64.Build.0 = Release|x64
		{3C6410A0-DEA2-4C61-8F1C-7D4A2152A727}.Release|x86.ActiveCfg = Release|Win32
		{3C6410A0-DEA2-4C61-8F1C-7D4A2152A727}.Release|x86.Build.0 = Release|Win32
		{72A5FCE8-4AC1-44F4-8B66-816DC3940FE6}.Debug|x64.ActiveCfg = Debug|x64
		{72A5FCE8-4AC1-44F4-8B66-816DC3940FE6}.Debug|x64.Build.0 = Debug|x64
		{72A5FCE8-4AC1-44F4-8B66-816DC3940FE6}.Debug|x86.ActiveCfg = Debug|Win32
		{72A5FCE8-4AC1-44F4-8B66-816DC3940FE6}.Debug|x86.Build.0 = Debug|Win32
		{72A5FCE8-4AC1-44F4-8B66-816DC3940FE6}.Release|x64.ActiveCfg = Release|x64
		{72A5FCE8-4AC1-44F4-8B66-816DC3940FE6}.Release|x64.Build.0 = Release|x64
		{72A5FCE8-4AC1-44F4-8B66-816DC3940FE6}.Release|x86.ActiveCfg = Release|Win32
		{72A5FCE8-4AC1-44F4-8B66-816DC3940FE6}.Release|x86.Build.0 = Release|Win32
	EndGlobalSection
	GlobalSection(SolutionProperties) = preSolution
		HideSolutionNode = FALSE
	EndGlobalSection
	GlobalSection(ExtensibilityGlobals) = postSolution
		SolutionGuid = {5B1168BD-5DCA-467F-9B8B-1200F15A9996}
	EndGlobalSection
EndGlobal
